// !$*UTF8*$!
{
	archiveVersion = 1;
	classes = {
	};
	objectVersion = 50;
	objects = {

/* Begin PBXBuildFile section */
		369DE0E421CE1A9600921391 /* Theme.swift in Sources */ = {isa = PBXBuildFile; fileRef = 369DE0E321CE1A9600921391 /* Theme.swift */; };
		36E875D121D1E1410091A3EF /* NavController.swift in Sources */ = {isa = PBXBuildFile; fileRef = 36E875D021D1E1410091A3EF /* NavController.swift */; };
		36EA1A0221C7715A00CAC1D2 /* AppDelegate.swift in Sources */ = {isa = PBXBuildFile; fileRef = 36EA1A0121C7715A00CAC1D2 /* AppDelegate.swift */; };
		36EA1A0421C7715A00CAC1D2 /* MainController.swift in Sources */ = {isa = PBXBuildFile; fileRef = 36EA1A0321C7715A00CAC1D2 /* MainController.swift */; };
		36EA1A0921C7715B00CAC1D2 /* Assets.xcassets in Resources */ = {isa = PBXBuildFile; fileRef = 36EA1A0821C7715B00CAC1D2 /* Assets.xcassets */; };
		36EA1A0C21C7715B00CAC1D2 /* LaunchScreen.storyboard in Resources */ = {isa = PBXBuildFile; fileRef = 36EA1A0A21C7715B00CAC1D2 /* LaunchScreen.storyboard */; };
		36EA1A1421C771E000CAC1D2 /* Country.swift in Sources */ = {isa = PBXBuildFile; fileRef = 36EA1A1321C771E000CAC1D2 /* Country.swift */; };
		36EA1A1621C7730100CAC1D2 /* CountryService.swift in Sources */ = {isa = PBXBuildFile; fileRef = 36EA1A1521C7730100CAC1D2 /* CountryService.swift */; };
		36EA201F21C7B59900CAC1D2 /* countries.json in Resources */ = {isa = PBXBuildFile; fileRef = 36EA201E21C7B59900CAC1D2 /* countries.json */; };
		36EA202121C7C76C00CAC1D2 /* APIRequest.swift in Sources */ = {isa = PBXBuildFile; fileRef = 36EA202021C7C76C00CAC1D2 /* APIRequest.swift */; };
		36EA202421C7C7E700CAC1D2 /* NetworkEnums.swift in Sources */ = {isa = PBXBuildFile; fileRef = 36EA202321C7C7E700CAC1D2 /* NetworkEnums.swift */; };
		36EA202621C7C82500CAC1D2 /* APIErrorHandler.swift in Sources */ = {isa = PBXBuildFile; fileRef = 36EA202521C7C82500CAC1D2 /* APIErrorHandler.swift */; };
		36EA202821C7C99300CAC1D2 /* APIClient.swift in Sources */ = {isa = PBXBuildFile; fileRef = 36EA202721C7C99300CAC1D2 /* APIClient.swift */; };
		36EA202E21CA122400CAC1D2 /* RotatingCollectionLayout.swift in Sources */ = {isa = PBXBuildFile; fileRef = 36EA202D21CA122400CAC1D2 /* RotatingCollectionLayout.swift */; };
		36EA203521CA22AF00CAC1D2 /* CountryRotatingCell.swift in Sources */ = {isa = PBXBuildFile; fileRef = 36EA203321CA22AF00CAC1D2 /* CountryRotatingCell.swift */; };
		36EA203621CA22AF00CAC1D2 /* CountryRotatingCell.xib in Resources */ = {isa = PBXBuildFile; fileRef = 36EA203421CA22AF00CAC1D2 /* CountryRotatingCell.xib */; };
		36EA203921CCE1BB00CAC1D2 /* CountryDisplayView.swift in Sources */ = {isa = PBXBuildFile; fileRef = 36EA203821CCE1BB00CAC1D2 /* CountryDisplayView.swift */; };
/* End PBXBuildFile section */

/* Begin PBXFileReference section */
		369DE0E321CE1A9600921391 /* Theme.swift */ = {isa = PBXFileReference; lastKnownFileType = sourcecode.swift; path = Theme.swift; sourceTree = "<group>"; };
		36E875D021D1E1410091A3EF /* NavController.swift */ = {isa = PBXFileReference; lastKnownFileType = sourcecode.swift; path = NavController.swift; sourceTree = "<group>"; };
		36EA19FE21C7715A00CAC1D2 /* RebtelDialConcept.app */ = {isa = PBXFileReference; explicitFileType = wrapper.application; includeInIndex = 0; path = RebtelDialConcept.app; sourceTree = BUILT_PRODUCTS_DIR; };
		36EA1A0121C7715A00CAC1D2 /* AppDelegate.swift */ = {isa = PBXFileReference; lastKnownFileType = sourcecode.swift; path = AppDelegate.swift; sourceTree = "<group>"; };
		36EA1A0321C7715A00CAC1D2 /* MainController.swift */ = {isa = PBXFileReference; lastKnownFileType = sourcecode.swift; path = MainController.swift; sourceTree = "<group>"; };
		36EA1A0821C7715B00CAC1D2 /* Assets.xcassets */ = {isa = PBXFileReference; lastKnownFileType = folder.assetcatalog; path = Assets.xcassets; sourceTree = "<group>"; };
		36EA1A0B21C7715B00CAC1D2 /* Base */ = {isa = PBXFileReference; lastKnownFileType = file.storyboard; name = Base; path = Base.lproj/LaunchScreen.storyboard; sourceTree = "<group>"; };
		36EA1A0D21C7715B00CAC1D2 /* Info.plist */ = {isa = PBXFileReference; lastKnownFileType = text.plist.xml; path = Info.plist; sourceTree = "<group>"; };
		36EA1A1321C771E000CAC1D2 /* Country.swift */ = {isa = PBXFileReference; lastKnownFileType = sourcecode.swift; path = Country.swift; sourceTree = "<group>"; };
		36EA1A1521C7730100CAC1D2 /* CountryService.swift */ = {isa = PBXFileReference; lastKnownFileType = sourcecode.swift; path = CountryService.swift; sourceTree = "<group>"; };
		36EA201E21C7B59900CAC1D2 /* countries.json */ = {isa = PBXFileReference; fileEncoding = 4; lastKnownFileType = text.json; path = countries.json; sourceTree = "<group>"; };
		36EA202021C7C76C00CAC1D2 /* APIRequest.swift */ = {isa = PBXFileReference; lastKnownFileType = sourcecode.swift; path = APIRequest.swift; sourceTree = "<group>"; };
		36EA202321C7C7E700CAC1D2 /* NetworkEnums.swift */ = {isa = PBXFileReference; lastKnownFileType = sourcecode.swift; path = NetworkEnums.swift; sourceTree = "<group>"; };
		36EA202521C7C82500CAC1D2 /* APIErrorHandler.swift */ = {isa = PBXFileReference; lastKnownFileType = sourcecode.swift; path = APIErrorHandler.swift; sourceTree = "<group>"; };
		36EA202721C7C99300CAC1D2 /* APIClient.swift */ = {isa = PBXFileReference; lastKnownFileType = sourcecode.swift; path = APIClient.swift; sourceTree = "<group>"; };
		36EA202D21CA122400CAC1D2 /* RotatingCollectionLayout.swift */ = {isa = PBXFileReference; lastKnownFileType = sourcecode.swift; path = RotatingCollectionLayout.swift; sourceTree = "<group>"; };
		36EA203321CA22AF00CAC1D2 /* CountryRotatingCell.swift */ = {isa = PBXFileReference; lastKnownFileType = sourcecode.swift; path = CountryRotatingCell.swift; sourceTree = "<group>"; };
		36EA203421CA22AF00CAC1D2 /* CountryRotatingCell.xib */ = {isa = PBXFileReference; lastKnownFileType = file.xib; path = CountryRotatingCell.xib; sourceTree = "<group>"; };
		36EA203821CCE1BB00CAC1D2 /* CountryDisplayView.swift */ = {isa = PBXFileReference; lastKnownFileType = sourcecode.swift; path = CountryDisplayView.swift; sourceTree = "<group>"; };
/* End PBXFileReference section */

/* Begin PBXFrameworksBuildPhase section */
		36EA19FB21C7715A00CAC1D2 /* Frameworks */ = {
			isa = PBXFrameworksBuildPhase;
			buildActionMask = 2147483647;
			files = (
			);
			runOnlyForDeploymentPostprocessing = 0;
		};
/* End PBXFrameworksBuildPhase section */

/* Begin PBXGroup section */
		36EA19F521C7715A00CAC1D2 = {
			isa = PBXGroup;
			children = (
				36EA1A0021C7715A00CAC1D2 /* RebtelDialConcept */,
				36EA201E21C7B59900CAC1D2 /* countries.json */,
				36EA19FF21C7715A00CAC1D2 /* Products */,
			);
			sourceTree = "<group>";
		};
		36EA19FF21C7715A00CAC1D2 /* Products */ = {
			isa = PBXGroup;
			children = (
				36EA19FE21C7715A00CAC1D2 /* RebtelDialConcept.app */,
			);
			name = Products;
			sourceTree = "<group>";
		};
		36EA1A0021C7715A00CAC1D2 /* RebtelDialConcept */ = {
			isa = PBXGroup;
			children = (
				36EA1A0D21C7715B00CAC1D2 /* Info.plist */,
				36EA202B21C9F62A00CAC1D2 /* ViewControllers */,
				36EA202A21C9F5D500CAC1D2 /* Models */,
				36EA202221C7C7D000CAC1D2 /* Networking */,
				36EA203721CB979A00CAC1D2 /* Views */,
				36EA201B21C77E5600CAC1D2 /* App Files */,
				369DE0E321CE1A9600921391 /* Theme.swift */,
			);
			path = RebtelDialConcept;
			sourceTree = "<group>";
		};
		36EA201B21C77E5600CAC1D2 /* App Files */ = {
			isa = PBXGroup;
			children = (
				36EA1A0121C7715A00CAC1D2 /* AppDelegate.swift */,
				36EA1A0821C7715B00CAC1D2 /* Assets.xcassets */,
				36EA1A0A21C7715B00CAC1D2 /* LaunchScreen.storyboard */,
			);
			path = "App Files";
			sourceTree = "<group>";
		};
		36EA202221C7C7D000CAC1D2 /* Networking */ = {
			isa = PBXGroup;
			children = (
				36EA202921C8E67600CAC1D2 /* APIEngine */,
			);
			path = Networking;
			sourceTree = "<group>";
		};
		36EA202921C8E67600CAC1D2 /* APIEngine */ = {
			isa = PBXGroup;
			children = (
				36EA202021C7C76C00CAC1D2 /* APIRequest.swift */,
				36EA202721C7C99300CAC1D2 /* APIClient.swift */,
				36EA202321C7C7E700CAC1D2 /* NetworkEnums.swift */,
				36EA202521C7C82500CAC1D2 /* APIErrorHandler.swift */,
			);
			path = APIEngine;
			sourceTree = "<group>";
		};
		36EA202A21C9F5D500CAC1D2 /* Models */ = {
			isa = PBXGroup;
			children = (
				36EA202C21CA06C000CAC1D2 /* Country */,
			);
			path = Models;
			sourceTree = "<group>";
		};
		36EA202B21C9F62A00CAC1D2 /* ViewControllers */ = {
			isa = PBXGroup;
			children = (
				36EA1A0321C7715A00CAC1D2 /* MainController.swift */,
				36E875D021D1E1410091A3EF /* NavController.swift */,
			);
			path = ViewControllers;
			sourceTree = "<group>";
		};
		36EA202C21CA06C000CAC1D2 /* Country */ = {
			isa = PBXGroup;
			children = (
				36EA1A1321C771E000CAC1D2 /* Country.swift */,
				36EA1A1521C7730100CAC1D2 /* CountryService.swift */,
			);
			path = Country;
			sourceTree = "<group>";
		};
		36EA203721CB979A00CAC1D2 /* Views */ = {
			isa = PBXGroup;
			children = (
				36EA202D21CA122400CAC1D2 /* RotatingCollectionLayout.swift */,
				36EA203321CA22AF00CAC1D2 /* CountryRotatingCell.swift */,
				36EA203421CA22AF00CAC1D2 /* CountryRotatingCell.xib */,
				36EA203821CCE1BB00CAC1D2 /* CountryDisplayView.swift */,
			);
			path = Views;
			sourceTree = "<group>";
		};
/* End PBXGroup section */

/* Begin PBXNativeTarget section */
		36EA19FD21C7715A00CAC1D2 /* RebtelDialConcept */ = {
			isa = PBXNativeTarget;
			buildConfigurationList = 36EA1A1021C7715B00CAC1D2 /* Build configuration list for PBXNativeTarget "RebtelDialConcept" */;
			buildPhases = (
				36EA19FA21C7715A00CAC1D2 /* Sources */,
				36EA19FB21C7715A00CAC1D2 /* Frameworks */,
				36EA19FC21C7715A00CAC1D2 /* Resources */,
			);
			buildRules = (
			);
			dependencies = (
			);
			name = RebtelDialConcept;
			productName = RebtelDialConcept;
			productReference = 36EA19FE21C7715A00CAC1D2 /* RebtelDialConcept.app */;
			productType = "com.apple.product-type.application";
		};
/* End PBXNativeTarget section */

/* Begin PBXProject section */
		36EA19F621C7715A00CAC1D2 /* Project object */ = {
			isa = PBXProject;
			attributes = {
				LastSwiftUpdateCheck = 1010;
				LastUpgradeCheck = 1010;
				ORGANIZATIONNAME = "Tarik Stafford";
				TargetAttributes = {
					36EA19FD21C7715A00CAC1D2 = {
						CreatedOnToolsVersion = 10.1;
					};
				};
			};
			buildConfigurationList = 36EA19F921C7715A00CAC1D2 /* Build configuration list for PBXProject "RebtelDialConcept" */;
			compatibilityVersion = "Xcode 9.3";
			developmentRegion = en;
			hasScannedForEncodings = 0;
			knownRegions = (
				en,
				Base,
			);
			mainGroup = 36EA19F521C7715A00CAC1D2;
			productRefGroup = 36EA19FF21C7715A00CAC1D2 /* Products */;
			projectDirPath = "";
			projectRoot = "";
			targets = (
				36EA19FD21C7715A00CAC1D2 /* RebtelDialConcept */,
			);
		};
/* End PBXProject section */

/* Begin PBXResourcesBuildPhase section */
		36EA19FC21C7715A00CAC1D2 /* Resources */ = {
			isa = PBXResourcesBuildPhase;
			buildActionMask = 2147483647;
			files = (
				36EA203621CA22AF00CAC1D2 /* CountryRotatingCell.xib in Resources */,
				36EA201F21C7B59900CAC1D2 /* countries.json in Resources */,
				36EA1A0C21C7715B00CAC1D2 /* LaunchScreen.storyboard in Resources */,
				36EA1A0921C7715B00CAC1D2 /* Assets.xcassets in Resources */,
			);
			runOnlyForDeploymentPostprocessing = 0;
		};
/* End PBXResourcesBuildPhase section */

/* Begin PBXSourcesBuildPhase section */
		36EA19FA21C7715A00CAC1D2 /* Sources */ = {
			isa = PBXSourcesBuildPhase;
			buildActionMask = 2147483647;
			files = (
				36EA203521CA22AF00CAC1D2 /* CountryRotatingCell.swift in Sources */,
				36EA1A0421C7715A00CAC1D2 /* MainController.swift in Sources */,
				36EA203921CCE1BB00CAC1D2 /* CountryDisplayView.swift in Sources */,
				36EA202E21CA122400CAC1D2 /* RotatingCollectionLayout.swift in Sources */,
				36EA202621C7C82500CAC1D2 /* APIErrorHandler.swift in Sources */,
				36EA1A1621C7730100CAC1D2 /* CountryService.swift in Sources */,
				36EA202821C7C99300CAC1D2 /* APIClient.swift in Sources */,
				36EA1A1421C771E000CAC1D2 /* Country.swift in Sources */,
				36EA202121C7C76C00CAC1D2 /* APIRequest.swift in Sources */,
				369DE0E421CE1A9600921391 /* Theme.swift in Sources */,
				36EA1A0221C7715A00CAC1D2 /* AppDelegate.swift in Sources */,
				36E875D121D1E1410091A3EF /* NavController.swift in Sources */,
				36EA202421C7C7E700CAC1D2 /* NetworkEnums.swift in Sources */,
			);
			runOnlyForDeploymentPostprocessing = 0;
		};
/* End PBXSourcesBuildPhase section */

/* Begin PBXVariantGroup section */
		36EA1A0A21C7715B00CAC1D2 /* LaunchScreen.storyboard */ = {
			isa = PBXVariantGroup;
			children = (
				36EA1A0B21C7715B00CAC1D2 /* Base */,
			);
			name = LaunchScreen.storyboard;
			sourceTree = "<group>";
		};
/* End PBXVariantGroup section */

/* Begin XCBuildConfiguration section */
		36EA1A0E21C7715B00CAC1D2 /* Debug */ = {
			isa = XCBuildConfiguration;
			buildSettings = {
				ALWAYS_SEARCH_USER_PATHS = NO;
				CLANG_ANALYZER_NONNULL = YES;
				CLANG_ANALYZER_NUMBER_OBJECT_CONVERSION = YES_AGGRESSIVE;
				CLANG_CXX_LANGUAGE_STANDARD = "gnu++14";
				CLANG_CXX_LIBRARY = "libc++";
				CLANG_ENABLE_MODULES = YES;
				CLANG_ENABLE_OBJC_ARC = YES;
				CLANG_ENABLE_OBJC_WEAK = YES;
				CLANG_WARN_BLOCK_CAPTURE_AUTORELEASING = YES;
				CLANG_WARN_BOOL_CONVERSION = YES;
				CLANG_WARN_COMMA = YES;
				CLANG_WARN_CONSTANT_CONVERSION = YES;
				CLANG_WARN_DEPRECATED_OBJC_IMPLEMENTATIONS = YES;
				CLANG_WARN_DIRECT_OBJC_ISA_USAGE = YES_ERROR;
				CLANG_WARN_DOCUMENTATION_COMMENTS = YES;
				CLANG_WARN_EMPTY_BODY = YES;
				CLANG_WARN_ENUM_CONVERSION = YES;
				CLANG_WARN_INFINITE_RECURSION = YES;
				CLANG_WARN_INT_CONVERSION = YES;
				CLANG_WARN_NON_LITERAL_NULL_CONVERSION = YES;
				CLANG_WARN_OBJC_IMPLICIT_RETAIN_SELF = YES;
				CLANG_WARN_OBJC_LITERAL_CONVERSION = YES;
				CLANG_WARN_OBJC_ROOT_CLASS = YES_ERROR;
				CLANG_WARN_RANGE_LOOP_ANALYSIS = YES;
				CLANG_WARN_STRICT_PROTOTYPES = YES;
				CLANG_WARN_SUSPICIOUS_MOVE = YES;
				CLANG_WARN_UNGUARDED_AVAILABILITY = YES_AGGRESSIVE;
				CLANG_WARN_UNREACHABLE_CODE = YES;
				CLANG_WARN__DUPLICATE_METHOD_MATCH = YES;
				CODE_SIGN_IDENTITY = "iPhone Developer";
				COPY_PHASE_STRIP = NO;
				DEBUG_INFORMATION_FORMAT = dwarf;
				ENABLE_STRICT_OBJC_MSGSEND = YES;
				ENABLE_TESTABILITY = YES;
				GCC_C_LANGUAGE_STANDARD = gnu11;
				GCC_DYNAMIC_NO_PIC = NO;
				GCC_NO_COMMON_BLOCKS = YES;
				GCC_OPTIMIZATION_LEVEL = 0;
				GCC_PREPROCESSOR_DEFINITIONS = (
					"DEBUG=1",
					"$(inherited)",
				);
				GCC_WARN_64_TO_32_BIT_CONVERSION = YES;
				GCC_WARN_ABOUT_RETURN_TYPE = YES_ERROR;
				GCC_WARN_UNDECLARED_SELECTOR = YES;
				GCC_WARN_UNINITIALIZED_AUTOS = YES_AGGRESSIVE;
				GCC_WARN_UNUSED_FUNCTION = YES;
				GCC_WARN_UNUSED_VARIABLE = YES;
				IPHONEOS_DEPLOYMENT_TARGET = 12.1;
				MTL_ENABLE_DEBUG_INFO = INCLUDE_SOURCE;
				MTL_FAST_MATH = YES;
				ONLY_ACTIVE_ARCH = YES;
				SDKROOT = iphoneos;
				SWIFT_ACTIVE_COMPILATION_CONDITIONS = DEBUG;
				SWIFT_OPTIMIZATION_LEVEL = "-Onone";
			};
			name = Debug;
		};
		36EA1A0F21C7715B00CAC1D2 /* Release */ = {
			isa = XCBuildConfiguration;
			buildSettings = {
				ALWAYS_SEARCH_USER_PATHS = NO;
				CLANG_ANALYZER_NONNULL = YES;
				CLANG_ANALYZER_NUMBER_OBJECT_CONVERSION = YES_AGGRESSIVE;
				CLANG_CXX_LANGUAGE_STANDARD = "gnu++14";
				CLANG_CXX_LIBRARY = "libc++";
				CLANG_ENABLE_MODULES = YES;
				CLANG_ENABLE_OBJC_ARC = YES;
				CLANG_ENABLE_OBJC_WEAK = YES;
				CLANG_WARN_BLOCK_CAPTURE_AUTORELEASING = YES;
				CLANG_WARN_BOOL_CONVERSION = YES;
				CLANG_WARN_COMMA = YES;
				CLANG_WARN_CONSTANT_CONVERSION = YES;
				CLANG_WARN_DEPRECATED_OBJC_IMPLEMENTATIONS = YES;
				CLANG_WARN_DIRECT_OBJC_ISA_USAGE = YES_ERROR;
				CLANG_WARN_DOCUMENTATION_COMMENTS = YES;
				CLANG_WARN_EMPTY_BODY = YES;
				CLANG_WARN_ENUM_CONVERSION = YES;
				CLANG_WARN_INFINITE_RECURSION = YES;
				CLANG_WARN_INT_CONVERSION = YES;
				CLANG_WARN_NON_LITERAL_NULL_CONVERSION = YES;
				CLANG_WARN_OBJC_IMPLICIT_RETAIN_SELF = YES;
				CLANG_WARN_OBJC_LITERAL_CONVERSION = YES;
				CLANG_WARN_OBJC_ROOT_CLASS = YES_ERROR;
				CLANG_WARN_RANGE_LOOP_ANALYSIS = YES;
				CLANG_WARN_STRICT_PROTOTYPES = YES;
				CLANG_WARN_SUSPICIOUS_MOVE = YES;
				CLANG_WARN_UNGUARDED_AVAILABILITY = YES_AGGRESSIVE;
				CLANG_WARN_UNREACHABLE_CODE = YES;
				CLANG_WARN__DUPLICATE_METHOD_MATCH = YES;
				CODE_SIGN_IDENTITY = "iPhone Developer";
				COPY_PHASE_STRIP = NO;
				DEBUG_INFORMATION_FORMAT = "dwarf-with-dsym";
				ENABLE_NS_ASSERTIONS = NO;
				ENABLE_STRICT_OBJC_MSGSEND = YES;
				GCC_C_LANGUAGE_STANDARD = gnu11;
				GCC_NO_COMMON_BLOCKS = YES;
				GCC_WARN_64_TO_32_BIT_CONVERSION = YES;
				GCC_WARN_ABOUT_RETURN_TYPE = YES_ERROR;
				GCC_WARN_UNDECLARED_SELECTOR = YES;
				GCC_WARN_UNINITIALIZED_AUTOS = YES_AGGRESSIVE;
				GCC_WARN_UNUSED_FUNCTION = YES;
				GCC_WARN_UNUSED_VARIABLE = YES;
				IPHONEOS_DEPLOYMENT_TARGET = 12.1;
				MTL_ENABLE_DEBUG_INFO = NO;
				MTL_FAST_MATH = YES;
				SDKROOT = iphoneos;
				SWIFT_COMPILATION_MODE = wholemodule;
				SWIFT_OPTIMIZATION_LEVEL = "-O";
				VALIDATE_PRODUCT = YES;
			};
			name = Release;
		};
		36EA1A1121C7715B00CAC1D2 /* Debug */ = {
			isa = XCBuildConfiguration;
			buildSettings = {
				ASSETCATALOG_COMPILER_APPICON_NAME = AppIcon;
				CODE_SIGN_STYLE = Automatic;
				DEVELOPMENT_TEAM = ZASS9N32P9;
				INFOPLIST_FILE = RebtelDialConcept/Info.plist;
				LD_RUNPATH_SEARCH_PATHS = (
					"$(inherited)",
					"@executable_path/Frameworks",
				);
				PRODUCT_BUNDLE_IDENTIFIER = tarikstafford.RebtelDialConcept;
				PRODUCT_NAME = "$(TARGET_NAME)";
				SWIFT_VERSION = 4.2;
				TARGETED_DEVICE_FAMILY = "1,2";
			};
			name = Debug;
		};
		36EA1A1221C7715B00CAC1D2 /* Release */ = {
			isa = XCBuildConfiguration;
			buildSettings = {
				ASSETCATALOG_COMPILER_APPICON_NAME = AppIcon;
				CODE_SIGN_STYLE = Automatic;
				DEVELOPMENT_TEAM = ZASS9N32P9;
				INFOPLIST_FILE = RebtelDialConcept/Info.plist;
				LD_RUNPATH_SEARCH_PATHS = (
					"$(inherited)",
					"@executable_path/Frameworks",
				);
				PRODUCT_BUNDLE_IDENTIFIER = tarikstafford.RebtelDialConcept;
				PRODUCT_NAME = "$(TARGET_NAME)";
				SWIFT_VERSION = 4.2;
				TARGETED_DEVICE_FAMILY = "1,2";
			};
			name = Release;
		};
/* End XCBuildConfiguration section */

/* Begin XCConfigurationList section */
		36EA19F921C7715A00CAC1D2 /* Build configuration list for PBXProject "RebtelDialConcept" */ = {
			isa = XCConfigurationList;
			buildConfigurations = (
				36EA1A0E21C7715B00CAC1D2 /* Debug */,
				36EA1A0F21C7715B00CAC1D2 /* Release */,
			);
			defaultConfigurationIsVisible = 0;
			defaultConfigurationName = Release;
		};
		36EA1A1021C7715B00CAC1D2 /* Build configuration list for PBXNativeTarget "RebtelDialConcept" */ = {
			isa = XCConfigurationList;
			buildConfigurations = (
				36EA1A1121C7715B00CAC1D2 /* Debug */,
				36EA1A1221C7715B00CAC1D2 /* Release */,
			);
			defaultConfigurationIsVisible = 0;
			defaultConfigurationName = Release;
		};
/* End XCConfigurationList section */
	};
	rootObject = 36EA19F621C7715A00CAC1D2 /* Project object */;
}
